
Microsoft Visual Studio Solution File, Format Version 12.00
# Visual Studio Version 16
VisualStudioVersion = 16.0.32228.343
MinimumVisualStudioVersion = 10.0.40219.1
Project("{FAE04EC0-301F-11D3-BF4B-00C04F79EFBC}") = "Ejercicio01", "Ejercicio01\Ejercicio01.csproj", "{71A691DB-08E9-4390-B349-9E3FA653CDA0}"
EndProject
Global
	GlobalSection(SolutionConfigurationPlatforms) = preSolution
		Debug|Any CPU = Debug|Any CPU
		Release|Any CPU = Release|Any CPU
	EndGlobalSection
	GlobalSection(ProjectConfigurationPlatforms) = postSolution
		{71A691DB-08E9-4390-B349-9E3FA653CDA0}.Debug|Any CPU.ActiveCfg = Debug|Any CPU
		{71A691DB-08E9-4390-B349-9E3FA653CDA0}.Debug|Any CPU.Build.0 = Debug|Any CPU
		{71A691DB-08E9-4390-B349-9E3FA653CDA0}.Release|Any CPU.ActiveCfg = Release|Any CPU
		{71A691DB-08E9-4390-B349-9E3FA653CDA0}.Release|Any CPU.Build.0 = Release|Any CPU
	EndGlobalSection
	GlobalSection(SolutionProperties) = preSolution
		HideSolutionNode = FALSE
	EndGlobalSection
	GlobalSection(ExtensibilityGlobals) = postSolution
		SolutionGuid = {21820A2D-447F-444D-A7B3-4833E6FB68D7}
	EndGlobalSection
EndGlobal
